
Microsoft Visual Studio Solution File, Format Version 12.00
# Visual Studio Version 17
VisualStudioVersion = 17.7.34018.315
MinimumVisualStudioVersion = 10.0.40219.1
Project("{FAE04EC0-301F-11D3-BF4B-00C04F79EFBC}") = "PostComment", "PostComment\PostComment.csproj", "{DF1E73C2-EEDE-4FE0-B216-F4008AE47059}"
EndProject
Project("{FAE04EC0-301F-11D3-BF4B-00C04F79EFBC}") = "BLL", "BLL\BLL.csproj", "{182C9946-A567-4DE1-82BA-7AEF39ED4CA0}"
EndProject
Project("{FAE04EC0-301F-11D3-BF4B-00C04F79EFBC}") = "DAL", "DAL\DAL.csproj", "{145EC1AE-3A3D-4757-854A-7EF0692123BF}"
EndProject
Global
	GlobalSection(SolutionConfigurationPlatforms) = preSolution
		Debug|Any CPU = Debug|Any CPU
		Release|Any CPU = Release|Any CPU
	EndGlobalSection
	GlobalSection(ProjectConfigurationPlatforms) = postSolution
		{DF1E73C2-EEDE-4FE0-B216-F4008AE47059}.Debug|Any CPU.ActiveCfg = Debug|Any CPU
		{DF1E73C2-EEDE-4FE0-B216-F4008AE47059}.Debug|Any CPU.Build.0 = Debug|Any CPU
		{DF1E73C2-EEDE-4FE0-B216-F4008AE47059}.Release|Any CPU.ActiveCfg = Release|Any CPU
		{DF1E73C2-EEDE-4FE0-B216-F4008AE47059}.Release|Any CPU.Build.0 = Release|Any CPU
		{182C9946-A567-4DE1-82BA-7AEF39ED4CA0}.Debug|Any CPU.ActiveCfg = Debug|Any CPU
		{182C9946-A567-4DE1-82BA-7AEF39ED4CA0}.Debug|Any CPU.Build.0 = Debug|Any CPU
		{182C9946-A567-4DE1-82BA-7AEF39ED4CA0}.Release|Any CPU.ActiveCfg = Release|Any CPU
		{182C9946-A567-4DE1-82BA-7AEF39ED4CA0}.Release|Any CPU.Build.0 = Release|Any CPU
		{145EC1AE-3A3D-4757-854A-7EF0692123BF}.Debug|Any CPU.ActiveCfg = Debug|Any CPU
		{145EC1AE-3A3D-4757-854A-7EF0692123BF}.Debug|Any CPU.Build.0 = Debug|Any CPU
		{145EC1AE-3A3D-4757-854A-7EF0692123BF}.Release|Any CPU.ActiveCfg = Release|Any CPU
		{145EC1AE-3A3D-4757-854A-7EF0692123BF}.Release|Any CPU.Build.0 = Release|Any CPU
	EndGlobalSection
	GlobalSection(SolutionProperties) = preSolution
		HideSolutionNode = FALSE
	EndGlobalSection
	GlobalSection(ExtensibilityGlobals) = postSolution
		SolutionGuid = {BF562206-144B-4AFC-BDE4-EBC179CFFE9B}
	EndGlobalSection
EndGlobal
