
Microsoft Visual Studio Solution File, Format Version 12.00
# Visual Studio Version 17
VisualStudioVersion = 17.7.34018.315
MinimumVisualStudioVersion = 10.0.40219.1
Project("{FAE04EC0-301F-11D3-BF4B-00C04F79EFBC}") = "jannat", "jannat\jannat.csproj", "{539AB2BA-3832-4D0F-A684-232C981D19BF}"
EndProject
Global
	GlobalSection(SolutionConfigurationPlatforms) = preSolution
		Debug|Any CPU = Debug|Any CPU
		Release|Any CPU = Release|Any CPU
	EndGlobalSection
	GlobalSection(ProjectConfigurationPlatforms) = postSolution
		{539AB2BA-3832-4D0F-A684-232C981D19BF}.Debug|Any CPU.ActiveCfg = Debug|Any CPU
		{539AB2BA-3832-4D0F-A684-232C981D19BF}.Debug|Any CPU.Build.0 = Debug|Any CPU
		{539AB2BA-3832-4D0F-A684-232C981D19BF}.Release|Any CPU.ActiveCfg = Release|Any CPU
		{539AB2BA-3832-4D0F-A684-232C981D19BF}.Release|Any CPU.Build.0 = Release|Any CPU
	EndGlobalSection
	GlobalSection(SolutionProperties) = preSolution
		HideSolutionNode = FALSE
	EndGlobalSection
	GlobalSection(ExtensibilityGlobals) = postSolution
		SolutionGuid = {03D4E583-6D62-4E72-A9D8-B465FC0B2A42}
	EndGlobalSection
EndGlobal
